
Microsoft Visual Studio Solution File, Format Version 12.00
# Visual Studio Version 17
VisualStudioVersion = 17.9.34714.143
MinimumVisualStudioVersion = 10.0.40219.1
Project("{9A19103F-16F7-4668-BE54-9A1E7A4F7556}") = "KakaoTalk", "KakaoTalk\KakaoTalk.csproj", "{206AA0EB-BDD7-4C4F-A4D9-1BAB0542E2D2}"
EndProject
Project("{9A19103F-16F7-4668-BE54-9A1E7A4F7556}") = "KakaoTalk.Forms", "KakaoTalk.Forms\KakaoTalk.Forms.csproj", "{74D0E2A8-BEE2-4131-B2E3-864AD6549AB3}"
EndProject
Project("{9A19103F-16F7-4668-BE54-9A1E7A4F7556}") = "KakaoTalk.Login", "KakaoTalk.Login\KakaoTalk.Login.csproj", "{EAD4EFCD-AEFC-4C23-9E84-F0474DBEFF6B}"
EndProject
Project("{2150E333-8FDC-42A3-9474-1A3956D46DE8}") = "Studio", "Studio", "{CFF4AC26-085E-43C4-85E9-8EFF45C4A160}"
EndProject
Project("{2150E333-8FDC-42A3-9474-1A3956D46DE8}") = "Partial", "Partial", "{32E96F37-DEDF-44E3-8735-615F8E488486}"
EndProject
Project("{9A19103F-16F7-4668-BE54-9A1E7A4F7556}") = "KakaoTalk.Friends", "KakaoTalk.Friends\KakaoTalk.Friends.csproj", "{FCFACBDA-A5C3-41FE-9071-E9DCAB818C73}"
EndProject
Project("{2150E333-8FDC-42A3-9474-1A3956D46DE8}") = "Based", "Based", "{8B2EE383-5140-4EC6-BC58-F0E49AE06CE4}"
EndProject
Project("{9A19103F-16F7-4668-BE54-9A1E7A4F7556}") = "KakaoTalk.Core", "KakaoTalk.Core\KakaoTalk.Core.csproj", "{4AE48B7A-45A6-4E8E-A0C1-7032A54DE8EE}"
EndProject
Project("{9A19103F-16F7-4668-BE54-9A1E7A4F7556}") = "KakaoTalk.Main", "KakaoTalk.Main\KakaoTalk.Main.csproj", "{EAFB4DDC-C354-4746-83D1-6CFCF43944BD}"
EndProject
Project("{9A19103F-16F7-4668-BE54-9A1E7A4F7556}") = "KakaoTalk.Chats", "KakaoTalk.Chats\KakaoTalk.Chats.csproj", "{E1763D80-CF51-43E3-B712-88B3477551DC}"
EndProject
Project("{9A19103F-16F7-4668-BE54-9A1E7A4F7556}") = "KakaoTalk.More", "KakaoTalk.More\KakaoTalk.More.csproj", "{449FF5AE-8708-4270-956C-A551947E5917}"
EndProject
Project("{2150E333-8FDC-42A3-9474-1A3956D46DE8}") = "Foundation", "Foundation", "{68DFF15E-DD6E-40EA-8514-CA896F9848D4}"
EndProject
Project("{9A19103F-16F7-4668-BE54-9A1E7A4F7556}") = "KakaoTalk.LayoutSupport", "KakaTalk.LayoutSupport\KakaoTalk.LayoutSupport.csproj", "{87535CCF-7215-43A8-B1AB-7A02E4726CA6}"
EndProject
Project("{FAE04EC0-301F-11D3-BF4B-00C04F79EFBC}") = "KakaoTalk.Friends.Birth", "KakaoTalk.Friends.Birth\KakaoTalk.Friends.Birth.csproj", "{AB9D4EBA-1B66-43D9-BE98-172C33871925}"
EndProject
Project("{2150E333-8FDC-42A3-9474-1A3956D46DE8}") = "Friends", "Friends", "{79E2F868-456A-4E3D-B1EB-172304A3475D}"
EndProject
Project("{FAE04EC0-301F-11D3-BF4B-00C04F79EFBC}") = "KakaoTalk.Friends.Favorite", "KakaoTalk.Friends.Favorite\KakaoTalk.Friends.Favorite.csproj", "{E9457DB9-0D19-4971-B0F9-655CD8F0CDEC}"
EndProject
Global
	GlobalSection(SolutionConfigurationPlatforms) = preSolution
		Debug|Any CPU = Debug|Any CPU
		Release|Any CPU = Release|Any CPU
	EndGlobalSection
	GlobalSection(ProjectConfigurationPlatforms) = postSolution
		{206AA0EB-BDD7-4C4F-A4D9-1BAB0542E2D2}.Debug|Any CPU.ActiveCfg = Debug|Any CPU
		{206AA0EB-BDD7-4C4F-A4D9-1BAB0542E2D2}.Debug|Any CPU.Build.0 = Debug|Any CPU
		{206AA0EB-BDD7-4C4F-A4D9-1BAB0542E2D2}.Release|Any CPU.ActiveCfg = Release|Any CPU
		{206AA0EB-BDD7-4C4F-A4D9-1BAB0542E2D2}.Release|Any CPU.Build.0 = Release|Any CPU
		{74D0E2A8-BEE2-4131-B2E3-864AD6549AB3}.Debug|Any CPU.ActiveCfg = Debug|Any CPU
		{74D0E2A8-BEE2-4131-B2E3-864AD6549AB3}.Debug|Any CPU.Build.0 = Debug|Any CPU
		{74D0E2A8-BEE2-4131-B2E3-864AD6549AB3}.Release|Any CPU.ActiveCfg = Release|Any CPU
		{74D0E2A8-BEE2-4131-B2E3-864AD6549AB3}.Release|Any CPU.Build.0 = Release|Any CPU
		{EAD4EFCD-AEFC-4C23-9E84-F0474DBEFF6B}.Debug|Any CPU.ActiveCfg = Debug|Any CPU
		{EAD4EFCD-AEFC-4C23-9E84-F0474DBEFF6B}.Debug|Any CPU.Build.0 = Debug|Any CPU
		{EAD4EFCD-AEFC-4C23-9E84-F0474DBEFF6B}.Release|Any CPU.ActiveCfg = Release|Any CPU
		{EAD4EFCD-AEFC-4C23-9E84-F0474DBEFF6B}.Release|Any CPU.Build.0 = Release|Any CPU
		{FCFACBDA-A5C3-41FE-9071-E9DCAB818C73}.Debug|Any CPU.ActiveCfg = Debug|Any CPU
		{FCFACBDA-A5C3-41FE-9071-E9DCAB818C73}.Debug|Any CPU.Build.0 = Debug|Any CPU
		{FCFACBDA-A5C3-41FE-9071-E9DCAB818C73}.Release|Any CPU.ActiveCfg = Release|Any CPU
		{FCFACBDA-A5C3-41FE-9071-E9DCAB818C73}.Release|Any CPU.Build.0 = Release|Any CPU
		{4AE48B7A-45A6-4E8E-A0C1-7032A54DE8EE}.Debug|Any CPU.ActiveCfg = Debug|Any CPU
		{4AE48B7A-45A6-4E8E-A0C1-7032A54DE8EE}.Debug|Any CPU.Build.0 = Debug|Any CPU
		{4AE48B7A-45A6-4E8E-A0C1-7032A54DE8EE}.Release|Any CPU.ActiveCfg = Release|Any CPU
		{4AE48B7A-45A6-4E8E-A0C1-7032A54DE8EE}.Release|Any CPU.Build.0 = Release|Any CPU
		{EAFB4DDC-C354-4746-83D1-6CFCF43944BD}.Debug|Any CPU.ActiveCfg = Debug|Any CPU
		{EAFB4DDC-C354-4746-83D1-6CFCF43944BD}.Debug|Any CPU.Build.0 = Debug|Any CPU
		{EAFB4DDC-C354-4746-83D1-6CFCF43944BD}.Release|Any CPU.ActiveCfg = Release|Any CPU
		{EAFB4DDC-C354-4746-83D1-6CFCF43944BD}.Release|Any CPU.Build.0 = Release|Any CPU
		{E1763D80-CF51-43E3-B712-88B3477551DC}.Debug|Any CPU.ActiveCfg = Debug|Any CPU
		{E1763D80-CF51-43E3-B712-88B3477551DC}.Debug|Any CPU.Build.0 = Debug|Any CPU
		{E1763D80-CF51-43E3-B712-88B3477551DC}.Release|Any CPU.ActiveCfg = Release|Any CPU
		{E1763D80-CF51-43E3-B712-88B3477551DC}.Release|Any CPU.Build.0 = Release|Any CPU
		{449FF5AE-8708-4270-956C-A551947E5917}.Debug|Any CPU.ActiveCfg = Debug|Any CPU
		{449FF5AE-8708-4270-956C-A551947E5917}.Debug|Any CPU.Build.0 = Debug|Any CPU
		{449FF5AE-8708-4270-956C-A551947E5917}.Release|Any CPU.ActiveCfg = Release|Any CPU
		{449FF5AE-8708-4270-956C-A551947E5917}.Release|Any CPU.Build.0 = Release|Any CPU
		{87535CCF-7215-43A8-B1AB-7A02E4726CA6}.Debug|Any CPU.ActiveCfg = Debug|Any CPU
		{87535CCF-7215-43A8-B1AB-7A02E4726CA6}.Debug|Any CPU.Build.0 = Debug|Any CPU
		{87535CCF-7215-43A8-B1AB-7A02E4726CA6}.Release|Any CPU.ActiveCfg = Release|Any CPU
		{87535CCF-7215-43A8-B1AB-7A02E4726CA6}.Release|Any CPU.Build.0 = Release|Any CPU
		{AB9D4EBA-1B66-43D9-BE98-172C33871925}.Debug|Any CPU.ActiveCfg = Debug|Any CPU
		{AB9D4EBA-1B66-43D9-BE98-172C33871925}.Debug|Any CPU.Build.0 = Debug|Any CPU
		{AB9D4EBA-1B66-43D9-BE98-172C33871925}.Release|Any CPU.ActiveCfg = Release|Any CPU
		{AB9D4EBA-1B66-43D9-BE98-172C33871925}.Release|Any CPU.Build.0 = Release|Any CPU
		{E9457DB9-0D19-4971-B0F9-655CD8F0CDEC}.Debug|Any CPU.ActiveCfg = Debug|Any CPU
		{E9457DB9-0D19-4971-B0F9-655CD8F0CDEC}.Debug|Any CPU.Build.0 = Debug|Any CPU
		{E9457DB9-0D19-4971-B0F9-655CD8F0CDEC}.Release|Any CPU.ActiveCfg = Release|Any CPU
		{E9457DB9-0D19-4971-B0F9-655CD8F0CDEC}.Release|Any CPU.Build.0 = Release|Any CPU
	EndGlobalSection
	GlobalSection(SolutionProperties) = preSolution
		HideSolutionNode = FALSE
	EndGlobalSection
	GlobalSection(NestedProjects) = preSolution
		{206AA0EB-BDD7-4C4F-A4D9-1BAB0542E2D2} = {CFF4AC26-085E-43C4-85E9-8EFF45C4A160}
		{74D0E2A8-BEE2-4131-B2E3-864AD6549AB3} = {32E96F37-DEDF-44E3-8735-615F8E488486}
		{EAD4EFCD-AEFC-4C23-9E84-F0474DBEFF6B} = {32E96F37-DEDF-44E3-8735-615F8E488486}
		{FCFACBDA-A5C3-41FE-9071-E9DCAB818C73} = {32E96F37-DEDF-44E3-8735-615F8E488486}
		{4AE48B7A-45A6-4E8E-A0C1-7032A54DE8EE} = {8B2EE383-5140-4EC6-BC58-F0E49AE06CE4}
		{EAFB4DDC-C354-4746-83D1-6CFCF43944BD} = {32E96F37-DEDF-44E3-8735-615F8E488486}
		{E1763D80-CF51-43E3-B712-88B3477551DC} = {32E96F37-DEDF-44E3-8735-615F8E488486}
		{449FF5AE-8708-4270-956C-A551947E5917} = {32E96F37-DEDF-44E3-8735-615F8E488486}
		{87535CCF-7215-43A8-B1AB-7A02E4726CA6} = {68DFF15E-DD6E-40EA-8514-CA896F9848D4}
		{AB9D4EBA-1B66-43D9-BE98-172C33871925} = {32E96F37-DEDF-44E3-8735-615F8E488486}
		{79E2F868-456A-4E3D-B1EB-172304A3475D} = {32E96F37-DEDF-44E3-8735-615F8E488486}
		{E9457DB9-0D19-4971-B0F9-655CD8F0CDEC} = {79E2F868-456A-4E3D-B1EB-172304A3475D}
	EndGlobalSection
	GlobalSection(ExtensibilityGlobals) = postSolution
		SolutionGuid = {83E1F829-5C7C-4470-9D91-1D6CC7334A8F}
	EndGlobalSection
EndGlobal
